
Microsoft Visual Studio Solution File, Format Version 12.00
# Visual Studio Version 16
VisualStudioVersion = 16.0.31507.150
MinimumVisualStudioVersion = 10.0.40219.1
Project("{9A19103F-16F7-4668-BE54-9A1E7A4F7556}") = "TechnicLauncher", "TechnicLauncher\TechnicLauncher.csproj", "{F437ED29-0650-46B9-ACD7-5E5D0A7B5F8A}"
EndProject
Global
	GlobalSection(SolutionConfigurationPlatforms) = preSolution
		Debug|Any CPU = Debug|Any CPU
		Release|Any CPU = Release|Any CPU
	EndGlobalSection
	GlobalSection(ProjectConfigurationPlatforms) = postSolution
		{F437ED29-0650-46B9-ACD7-5E5D0A7B5F8A}.Debug|Any CPU.ActiveCfg = Debug|Any CPU
		{F437ED29-0650-46B9-ACD7-5E5D0A7B5F8A}.Debug|Any CPU.Build.0 = Debug|Any CPU
		{F437ED29-0650-46B9-ACD7-5E5D0A7B5F8A}.Release|Any CPU.ActiveCfg = Release|Any CPU
		{F437ED29-0650-46B9-ACD7-5E5D0A7B5F8A}.Release|Any CPU.Build.0 = Release|Any CPU
	EndGlobalSection
	GlobalSection(SolutionProperties) = preSolution
		HideSolutionNode = FALSE
	EndGlobalSection
	GlobalSection(ExtensibilityGlobals) = postSolution
		SolutionGuid = {3E2E47BC-C648-4FD8-872D-C78A0D0E2C03}
	EndGlobalSection
EndGlobal
